
Microsoft Visual Studio Solution File, Format Version 12.00
# Visual Studio 15
VisualStudioVersion = 15.0.27130.2010
MinimumVisualStudioVersion = 10.0.40219.1
Project("{FAE04EC0-301F-11D3-BF4B-00C04F79EFBC}") = "Projet_Juju", "Projet_Juju\Projet_Juju.csproj", "{39816663-D95C-4375-BF3B-CC9FFFB0E7F4}"
EndProject
Global
	GlobalSection(SolutionConfigurationPlatforms) = preSolution
		Debug|Any CPU = Debug|Any CPU
		Release|Any CPU = Release|Any CPU
	EndGlobalSection
	GlobalSection(ProjectConfigurationPlatforms) = postSolution
		{39816663-D95C-4375-BF3B-CC9FFFB0E7F4}.Debug|Any CPU.ActiveCfg = Debug|Any CPU
		{39816663-D95C-4375-BF3B-CC9FFFB0E7F4}.Debug|Any CPU.Build.0 = Debug|Any CPU
		{39816663-D95C-4375-BF3B-CC9FFFB0E7F4}.Release|Any CPU.ActiveCfg = Release|Any CPU
		{39816663-D95C-4375-BF3B-CC9FFFB0E7F4}.Release|Any CPU.Build.0 = Release|Any CPU
	EndGlobalSection
	GlobalSection(SolutionProperties) = preSolution
		HideSolutionNode = FALSE
	EndGlobalSection
	GlobalSection(ExtensibilityGlobals) = postSolution
		SolutionGuid = {50B5A34A-C9BD-4E72-8572-A3D5BD2D6130}
	EndGlobalSection
EndGlobal
